// !$*UTF8*$!
{
	archiveVersion = 1;
	classes = {
	};
	objectVersion = 50;
	objects = {

/* Begin PBXBuildFile section */
		7209869622626D5900327BF1 /* AppDelegate.swift in Sources */ = {isa = PBXBuildFile; fileRef = 7209869522626D5900327BF1 /* AppDelegate.swift */; };
		7209869822626D5900327BF1 /* MainViewController.swift in Sources */ = {isa = PBXBuildFile; fileRef = 7209869722626D5900327BF1 /* MainViewController.swift */; };
		7209869B22626D5900327BF1 /* Main.storyboard in Resources */ = {isa = PBXBuildFile; fileRef = 7209869922626D5900327BF1 /* Main.storyboard */; };
		7209869D22626D5B00327BF1 /* Assets.xcassets in Resources */ = {isa = PBXBuildFile; fileRef = 7209869C22626D5B00327BF1 /* Assets.xcassets */; };
		720986A022626D5B00327BF1 /* LaunchScreen.storyboard in Resources */ = {isa = PBXBuildFile; fileRef = 7209869E22626D5B00327BF1 /* LaunchScreen.storyboard */; };
		724CD43F22639DFD007CD290 /* APIService.swift in Sources */ = {isa = PBXBuildFile; fileRef = 724CD43E22639DFD007CD290 /* APIService.swift */; };
		724CD44122639F61007CD290 /* Endpoint.swift in Sources */ = {isa = PBXBuildFile; fileRef = 724CD44022639F61007CD290 /* Endpoint.swift */; };
		7267D72E226F9F1C0029067C /* BoardViewController.swift in Sources */ = {isa = PBXBuildFile; fileRef = 7267D72D226F9F1C0029067C /* BoardViewController.swift */; };
		7267D730226FB03B0029067C /* List.swift in Sources */ = {isa = PBXBuildFile; fileRef = 7267D72F226FB03B0029067C /* List.swift */; };
		7267D732226FB0920029067C /* Card.swift in Sources */ = {isa = PBXBuildFile; fileRef = 7267D731226FB0920029067C /* Card.swift */; };
		7267D734226FB1990029067C /* Label.swift in Sources */ = {isa = PBXBuildFile; fileRef = 7267D733226FB1990029067C /* Label.swift */; };
		7267D736226FB5CD0029067C /* CardCollectionViewCell.swift in Sources */ = {isa = PBXBuildFile; fileRef = 7267D735226FB5CD0029067C /* CardCollectionViewCell.swift */; };
		7267D73A226FB9280029067C /* ListCollectionHeaderView.swift in Sources */ = {isa = PBXBuildFile; fileRef = 7267D739226FB9280029067C /* ListCollectionHeaderView.swift */; };
		72707F8A2270FAF000DBA571 /* NoContentTableViewCell.swift in Sources */ = {isa = PBXBuildFile; fileRef = 72707F892270FAF000DBA571 /* NoContentTableViewCell.swift */; };
		728FA3F3226E5C760097F6A1 /* Extensions.swift in Sources */ = {isa = PBXBuildFile; fileRef = 728FA3F2226E5C760097F6A1 /* Extensions.swift */; };
		728FA3F5226E5D870097F6A1 /* BoardTableViewCell.swift in Sources */ = {isa = PBXBuildFile; fileRef = 728FA3F4226E5D870097F6A1 /* BoardTableViewCell.swift */; };
		72FB5786226E5646009BE51D /* Board.swift in Sources */ = {isa = PBXBuildFile; fileRef = 72FB5785226E5646009BE51D /* Board.swift */; };
/* End PBXBuildFile section */

/* Begin PBXFileReference section */
		7209869222626D5900327BF1 /* trello.app */ = {isa = PBXFileReference; explicitFileType = wrapper.application; includeInIndex = 0; path = trello.app; sourceTree = BUILT_PRODUCTS_DIR; };
		7209869522626D5900327BF1 /* AppDelegate.swift */ = {isa = PBXFileReference; lastKnownFileType = sourcecode.swift; path = AppDelegate.swift; sourceTree = "<group>"; };
		7209869722626D5900327BF1 /* MainViewController.swift */ = {isa = PBXFileReference; lastKnownFileType = sourcecode.swift; path = MainViewController.swift; sourceTree = "<group>"; };
		7209869A22626D5900327BF1 /* Base */ = {isa = PBXFileReference; lastKnownFileType = file.storyboard; name = Base; path = Base.lproj/Main.storyboard; sourceTree = "<group>"; };
		7209869C22626D5B00327BF1 /* Assets.xcassets */ = {isa = PBXFileReference; lastKnownFileType = folder.assetcatalog; path = Assets.xcassets; sourceTree = "<group>"; };
		7209869F22626D5B00327BF1 /* Base */ = {isa = PBXFileReference; lastKnownFileType = file.storyboard; name = Base; path = Base.lproj/LaunchScreen.storyboard; sourceTree = "<group>"; };
		720986A122626D5B00327BF1 /* Info.plist */ = {isa = PBXFileReference; lastKnownFileType = text.plist.xml; path = Info.plist; sourceTree = "<group>"; };
		724CD43E22639DFD007CD290 /* APIService.swift */ = {isa = PBXFileReference; lastKnownFileType = sourcecode.swift; path = APIService.swift; sourceTree = "<group>"; };
		724CD44022639F61007CD290 /* Endpoint.swift */ = {isa = PBXFileReference; lastKnownFileType = sourcecode.swift; path = Endpoint.swift; sourceTree = "<group>"; };
		7267D72D226F9F1C0029067C /* BoardViewController.swift */ = {isa = PBXFileReference; lastKnownFileType = sourcecode.swift; path = BoardViewController.swift; sourceTree = "<group>"; };
		7267D72F226FB03B0029067C /* List.swift */ = {isa = PBXFileReference; lastKnownFileType = sourcecode.swift; path = List.swift; sourceTree = "<group>"; };
		7267D731226FB0920029067C /* Card.swift */ = {isa = PBXFileReference; lastKnownFileType = sourcecode.swift; path = Card.swift; sourceTree = "<group>"; };
		7267D733226FB1990029067C /* Label.swift */ = {isa = PBXFileReference; lastKnownFileType = sourcecode.swift; path = Label.swift; sourceTree = "<group>"; };
		7267D735226FB5CD0029067C /* CardCollectionViewCell.swift */ = {isa = PBXFileReference; lastKnownFileType = sourcecode.swift; path = CardCollectionViewCell.swift; sourceTree = "<group>"; };
		7267D739226FB9280029067C /* ListCollectionHeaderView.swift */ = {isa = PBXFileReference; lastKnownFileType = sourcecode.swift; path = ListCollectionHeaderView.swift; sourceTree = "<group>"; };
		72707F892270FAF000DBA571 /* NoContentTableViewCell.swift */ = {isa = PBXFileReference; lastKnownFileType = sourcecode.swift; path = NoContentTableViewCell.swift; sourceTree = "<group>"; };
		728FA3F2226E5C760097F6A1 /* Extensions.swift */ = {isa = PBXFileReference; lastKnownFileType = sourcecode.swift; path = Extensions.swift; sourceTree = "<group>"; };
		728FA3F4226E5D870097F6A1 /* BoardTableViewCell.swift */ = {isa = PBXFileReference; lastKnownFileType = sourcecode.swift; path = BoardTableViewCell.swift; sourceTree = "<group>"; };
		72FB5785226E5646009BE51D /* Board.swift */ = {isa = PBXFileReference; lastKnownFileType = sourcecode.swift; path = Board.swift; sourceTree = "<group>"; };
/* End PBXFileReference section */

/* Begin PBXFrameworksBuildPhase section */
		7209868F22626D5900327BF1 /* Frameworks */ = {
			isa = PBXFrameworksBuildPhase;
			buildActionMask = 2147483647;
			files = (
			);
			runOnlyForDeploymentPostprocessing = 0;
		};
/* End PBXFrameworksBuildPhase section */

/* Begin PBXGroup section */
		7209868922626D5900327BF1 = {
			isa = PBXGroup;
			children = (
				7209869422626D5900327BF1 /* trello */,
				7209869322626D5900327BF1 /* Products */,
			);
			sourceTree = "<group>";
		};
		7209869322626D5900327BF1 /* Products */ = {
			isa = PBXGroup;
			children = (
				7209869222626D5900327BF1 /* trello.app */,
			);
			name = Products;
			sourceTree = "<group>";
		};
		7209869422626D5900327BF1 /* trello */ = {
			isa = PBXGroup;
			children = (
				7209869722626D5900327BF1 /* MainViewController.swift */,
				72707F892270FAF000DBA571 /* NoContentTableViewCell.swift */,
				728FA3F4226E5D870097F6A1 /* BoardTableViewCell.swift */,
				7267D72D226F9F1C0029067C /* BoardViewController.swift */,
				7267D739226FB9280029067C /* ListCollectionHeaderView.swift */,
				7267D735226FB5CD0029067C /* CardCollectionViewCell.swift */,
				7267D738226FB6340029067C /* Supporting */,
				7267D737226FB6230029067C /* Networking */,
			);
			path = trello;
			sourceTree = "<group>";
		};
		7267D737226FB6230029067C /* Networking */ = {
			isa = PBXGroup;
			children = (
				724CD44022639F61007CD290 /* Endpoint.swift */,
				724CD43E22639DFD007CD290 /* APIService.swift */,
				72FB5787226E565A009BE51D /* Models */,
			);
			path = Networking;
			sourceTree = "<group>";
		};
		7267D738226FB6340029067C /* Supporting */ = {
			isa = PBXGroup;
			children = (
				7209869922626D5900327BF1 /* Main.storyboard */,
				7209869E22626D5B00327BF1 /* LaunchScreen.storyboard */,
				728FA3F2226E5C760097F6A1 /* Extensions.swift */,
				7209869522626D5900327BF1 /* AppDelegate.swift */,
				7209869C22626D5B00327BF1 /* Assets.xcassets */,
				720986A122626D5B00327BF1 /* Info.plist */,
			);
			path = Supporting;
			sourceTree = "<group>";
		};
		72FB5787226E565A009BE51D /* Models */ = {
			isa = PBXGroup;
			children = (
				72FB5785226E5646009BE51D /* Board.swift */,
				7267D72F226FB03B0029067C /* List.swift */,
				7267D731226FB0920029067C /* Card.swift */,
				7267D733226FB1990029067C /* Label.swift */,
			);
			path = Models;
			sourceTree = "<group>";
		};
/* End PBXGroup section */

/* Begin PBXNativeTarget section */
		7209869122626D5900327BF1 /* trello */ = {
			isa = PBXNativeTarget;
			buildConfigurationList = 720986A422626D5B00327BF1 /* Build configuration list for PBXNativeTarget "trello" */;
			buildPhases = (
				7209868E22626D5900327BF1 /* Sources */,
				7209868F22626D5900327BF1 /* Frameworks */,
				7209869022626D5900327BF1 /* Resources */,
			);
			buildRules = (
			);
			dependencies = (
			);
			name = trello;
			productName = trello;
			productReference = 7209869222626D5900327BF1 /* trello.app */;
			productType = "com.apple.product-type.application";
		};
/* End PBXNativeTarget section */

/* Begin PBXProject section */
		7209868A22626D5900327BF1 /* Project object */ = {
			isa = PBXProject;
			attributes = {
				LastSwiftUpdateCheck = 1020;
				LastUpgradeCheck = 1020;
				ORGANIZATIONNAME = esesmuedgars;
				TargetAttributes = {
					7209869122626D5900327BF1 = {
						CreatedOnToolsVersion = 10.2;
					};
				};
			};
			buildConfigurationList = 7209868D22626D5900327BF1 /* Build configuration list for PBXProject "trello" */;
			compatibilityVersion = "Xcode 9.3";
			developmentRegion = en;
			hasScannedForEncodings = 0;
			knownRegions = (
				en,
				Base,
			);
			mainGroup = 7209868922626D5900327BF1;
			productRefGroup = 7209869322626D5900327BF1 /* Products */;
			projectDirPath = "";
			projectRoot = "";
			targets = (
				7209869122626D5900327BF1 /* trello */,
			);
		};
/* End PBXProject section */

/* Begin PBXResourcesBuildPhase section */
		7209869022626D5900327BF1 /* Resources */ = {
			isa = PBXResourcesBuildPhase;
			buildActionMask = 2147483647;
			files = (
				720986A022626D5B00327BF1 /* LaunchScreen.storyboard in Resources */,
				7209869D22626D5B00327BF1 /* Assets.xcassets in Resources */,
				7209869B22626D5900327BF1 /* Main.storyboard in Resources */,
			);
			runOnlyForDeploymentPostprocessing = 0;
		};
/* End PBXResourcesBuildPhase section */

/* Begin PBXSourcesBuildPhase section */
		7209868E22626D5900327BF1 /* Sources */ = {
			isa = PBXSourcesBuildPhase;
			buildActionMask = 2147483647;
			files = (
				72707F8A2270FAF000DBA571 /* NoContentTableViewCell.swift in Sources */,
				7209869822626D5900327BF1 /* MainViewController.swift in Sources */,
				728FA3F3226E5C760097F6A1 /* Extensions.swift in Sources */,
				724CD43F22639DFD007CD290 /* APIService.swift in Sources */,
				7267D72E226F9F1C0029067C /* BoardViewController.swift in Sources */,
				7267D736226FB5CD0029067C /* CardCollectionViewCell.swift in Sources */,
				7267D73A226FB9280029067C /* ListCollectionHeaderView.swift in Sources */,
				7267D734226FB1990029067C /* Label.swift in Sources */,
				72FB5786226E5646009BE51D /* Board.swift in Sources */,
				7209869622626D5900327BF1 /* AppDelegate.swift in Sources */,
				728FA3F5226E5D870097F6A1 /* BoardTableViewCell.swift in Sources */,
				7267D732226FB0920029067C /* Card.swift in Sources */,
				724CD44122639F61007CD290 /* Endpoint.swift in Sources */,
				7267D730226FB03B0029067C /* List.swift in Sources */,
			);
			runOnlyForDeploymentPostprocessing = 0;
		};
/* End PBXSourcesBuildPhase section */

/* Begin PBXVariantGroup section */
		7209869922626D5900327BF1 /* Main.storyboard */ = {
			isa = PBXVariantGroup;
			children = (
				7209869A22626D5900327BF1 /* Base */,
			);
			name = Main.storyboard;
			sourceTree = "<group>";
		};
		7209869E22626D5B00327BF1 /* LaunchScreen.storyboard */ = {
			isa = PBXVariantGroup;
			children = (
				7209869F22626D5B00327BF1 /* Base */,
			);
			name = LaunchScreen.storyboard;
			sourceTree = "<group>";
		};
/* End PBXVariantGroup section */

/* Begin XCBuildConfiguration section */
		720986A222626D5B00327BF1 /* Debug */ = {
			isa = XCBuildConfiguration;
			buildSettings = {
				ALWAYS_SEARCH_USER_PATHS = NO;
				CLANG_ANALYZER_NONNULL = YES;
				CLANG_ANALYZER_NUMBER_OBJECT_CONVERSION = YES_AGGRESSIVE;
				CLANG_CXX_LANGUAGE_STANDARD = "gnu++14";
				CLANG_CXX_LIBRARY = "libc++";
				CLANG_ENABLE_MODULES = YES;
				CLANG_ENABLE_OBJC_ARC = YES;
				CLANG_ENABLE_OBJC_WEAK = YES;
				CLANG_WARN_BLOCK_CAPTURE_AUTORELEASING = YES;
				CLANG_WARN_BOOL_CONVERSION = YES;
				CLANG_WARN_COMMA = YES;
				CLANG_WARN_CONSTANT_CONVERSION = YES;
				CLANG_WARN_DEPRECATED_OBJC_IMPLEMENTATIONS = YES;
				CLANG_WARN_DIRECT_OBJC_ISA_USAGE = YES_ERROR;
				CLANG_WARN_DOCUMENTATION_COMMENTS = YES;
				CLANG_WARN_EMPTY_BODY = YES;
				CLANG_WARN_ENUM_CONVERSION = YES;
				CLANG_WARN_INFINITE_RECURSION = YES;
				CLANG_WARN_INT_CONVERSION = YES;
				CLANG_WARN_NON_LITERAL_NULL_CONVERSION = YES;
				CLANG_WARN_OBJC_IMPLICIT_RETAIN_SELF = YES;
				CLANG_WARN_OBJC_LITERAL_CONVERSION = YES;
				CLANG_WARN_OBJC_ROOT_CLASS = YES_ERROR;
				CLANG_WARN_RANGE_LOOP_ANALYSIS = YES;
				CLANG_WARN_STRICT_PROTOTYPES = YES;
				CLANG_WARN_SUSPICIOUS_MOVE = YES;
				CLANG_WARN_UNGUARDED_AVAILABILITY = YES_AGGRESSIVE;
				CLANG_WARN_UNREACHABLE_CODE = YES;
				CLANG_WARN__DUPLICATE_METHOD_MATCH = YES;
				CODE_SIGN_IDENTITY = "iPhone Developer";
				COPY_PHASE_STRIP = NO;
				DEBUG_INFORMATION_FORMAT = dwarf;
				ENABLE_STRICT_OBJC_MSGSEND = YES;
				ENABLE_TESTABILITY = YES;
				GCC_C_LANGUAGE_STANDARD = gnu11;
				GCC_DYNAMIC_NO_PIC = NO;
				GCC_NO_COMMON_BLOCKS = YES;
				GCC_OPTIMIZATION_LEVEL = 0;
				GCC_PREPROCESSOR_DEFINITIONS = (
					"DEBUG=1",
					"$(inherited)",
				);
				GCC_WARN_64_TO_32_BIT_CONVERSION = YES;
				GCC_WARN_ABOUT_RETURN_TYPE = YES_ERROR;
				GCC_WARN_UNDECLARED_SELECTOR = YES;
				GCC_WARN_UNINITIALIZED_AUTOS = YES_AGGRESSIVE;
				GCC_WARN_UNUSED_FUNCTION = YES;
				GCC_WARN_UNUSED_VARIABLE = YES;
				IPHONEOS_DEPLOYMENT_TARGET = 12.2;
				MTL_ENABLE_DEBUG_INFO = INCLUDE_SOURCE;
				MTL_FAST_MATH = YES;
				ONLY_ACTIVE_ARCH = YES;
				SDKROOT = iphoneos;
				SWIFT_ACTIVE_COMPILATION_CONDITIONS = DEBUG;
				SWIFT_OPTIMIZATION_LEVEL = "-Onone";
			};
			name = Debug;
		};
		720986A322626D5B00327BF1 /* Release */ = {
			isa = XCBuildConfiguration;
			buildSettings = {
				ALWAYS_SEARCH_USER_PATHS = NO;
				CLANG_ANALYZER_NONNULL = YES;
				CLANG_ANALYZER_NUMBER_OBJECT_CONVERSION = YES_AGGRESSIVE;
				CLANG_CXX_LANGUAGE_STANDARD = "gnu++14";
				CLANG_CXX_LIBRARY = "libc++";
				CLANG_ENABLE_MODULES = YES;
				CLANG_ENABLE_OBJC_ARC = YES;
				CLANG_ENABLE_OBJC_WEAK = YES;
				CLANG_WARN_BLOCK_CAPTURE_AUTORELEASING = YES;
				CLANG_WARN_BOOL_CONVERSION = YES;
				CLANG_WARN_COMMA = YES;
				CLANG_WARN_CONSTANT_CONVERSION = YES;
				CLANG_WARN_DEPRECATED_OBJC_IMPLEMENTATIONS = YES;
				CLANG_WARN_DIRECT_OBJC_ISA_USAGE = YES_ERROR;
				CLANG_WARN_DOCUMENTATION_COMMENTS = YES;
				CLANG_WARN_EMPTY_BODY = YES;
				CLANG_WARN_ENUM_CONVERSION = YES;
				CLANG_WARN_INFINITE_RECURSION = YES;
				CLANG_WARN_INT_CONVERSION = YES;
				CLANG_WARN_NON_LITERAL_NULL_CONVERSION = YES;
				CLANG_WARN_OBJC_IMPLICIT_RETAIN_SELF = YES;
				CLANG_WARN_OBJC_LITERAL_CONVERSION = YES;
				CLANG_WARN_OBJC_ROOT_CLASS = YES_ERROR;
				CLANG_WARN_RANGE_LOOP_ANALYSIS = YES;
				CLANG_WARN_STRICT_PROTOTYPES = YES;
				CLANG_WARN_SUSPICIOUS_MOVE = YES;
				CLANG_WARN_UNGUARDED_AVAILABILITY = YES_AGGRESSIVE;
				CLANG_WARN_UNREACHABLE_CODE = YES;
				CLANG_WARN__DUPLICATE_METHOD_MATCH = YES;
				CODE_SIGN_IDENTITY = "iPhone Developer";
				COPY_PHASE_STRIP = NO;
				DEBUG_INFORMATION_FORMAT = "dwarf-with-dsym";
				ENABLE_NS_ASSERTIONS = NO;
				ENABLE_STRICT_OBJC_MSGSEND = YES;
				GCC_C_LANGUAGE_STANDARD = gnu11;
				GCC_NO_COMMON_BLOCKS = YES;
				GCC_WARN_64_TO_32_BIT_CONVERSION = YES;
				GCC_WARN_ABOUT_RETURN_TYPE = YES_ERROR;
				GCC_WARN_UNDECLARED_SELECTOR = YES;
				GCC_WARN_UNINITIALIZED_AUTOS = YES_AGGRESSIVE;
				GCC_WARN_UNUSED_FUNCTION = YES;
				GCC_WARN_UNUSED_VARIABLE = YES;
				IPHONEOS_DEPLOYMENT_TARGET = 12.2;
				MTL_ENABLE_DEBUG_INFO = NO;
				MTL_FAST_MATH = YES;
				SDKROOT = iphoneos;
				SWIFT_COMPILATION_MODE = wholemodule;
				SWIFT_OPTIMIZATION_LEVEL = "-O";
				VALIDATE_PRODUCT = YES;
			};
			name = Release;
		};
		720986A522626D5B00327BF1 /* Debug */ = {
			isa = XCBuildConfiguration;
			buildSettings = {
				ASSETCATALOG_COMPILER_APPICON_NAME = AppIcon;
				CODE_SIGN_STYLE = Automatic;
				DEVELOPMENT_TEAM = 88TYD9CU33;
				INFOPLIST_FILE = "$(SRCROOT)/trello/Supporting/Info.plist";
				LD_RUNPATH_SEARCH_PATHS = (
					"$(inherited)",
					"@executable_path/Frameworks",
				);
				PRODUCT_BUNDLE_IDENTIFIER = esesmuedgars.trello;
				PRODUCT_NAME = "$(TARGET_NAME)";
				SWIFT_VERSION = 5.0;
				TARGETED_DEVICE_FAMILY = "1,2";
			};
			name = Debug;
		};
		720986A622626D5B00327BF1 /* Release */ = {
			isa = XCBuildConfiguration;
			buildSettings = {
				ASSETCATALOG_COMPILER_APPICON_NAME = AppIcon;
				CODE_SIGN_STYLE = Automatic;
				DEVELOPMENT_TEAM = 88TYD9CU33;
				INFOPLIST_FILE = "$(SRCROOT)/trello/Supporting/Info.plist";
				LD_RUNPATH_SEARCH_PATHS = (
					"$(inherited)",
					"@executable_path/Frameworks",
				);
				PRODUCT_BUNDLE_IDENTIFIER = esesmuedgars.trello;
				PRODUCT_NAME = "$(TARGET_NAME)";
				SWIFT_VERSION = 5.0;
				TARGETED_DEVICE_FAMILY = "1,2";
			};
			name = Release;
		};
/* End XCBuildConfiguration section */

/* Begin XCConfigurationList section */
		7209868D22626D5900327BF1 /* Build configuration list for PBXProject "trello" */ = {
			isa = XCConfigurationList;
			buildConfigurations = (
				720986A222626D5B00327BF1 /* Debug */,
				720986A322626D5B00327BF1 /* Release */,
			);
			defaultConfigurationIsVisible = 0;
			defaultConfigurationName = Release;
		};
		720986A422626D5B00327BF1 /* Build configuration list for PBXNativeTarget "trello" */ = {
			isa = XCConfigurationList;
			buildConfigurations = (
				720986A522626D5B00327BF1 /* Debug */,
				720986A622626D5B00327BF1 /* Release */,
			);
			defaultConfigurationIsVisible = 0;
			defaultConfigurationName = Release;
		};
/* End XCConfigurationList section */
	};
	rootObject = 7209868A22626D5900327BF1 /* Project object */;
}
